// !$*UTF8*$!
{
	archiveVersion = 1;
	classes = {
	};
	objectVersion = 50;
	objects = {

/* Begin PBXBuildFile section */
		CCAEB166219690F9007FDD7A /* File.swift in Sources */ = {isa = PBXBuildFile; fileRef = CCAEB165219690F9007FDD7A /* File.swift */; };
		CCFEE6F32196742B0076DFBD /* AppDelegate.swift in Sources */ = {isa = PBXBuildFile; fileRef = CCFEE6F22196742B0076DFBD /* AppDelegate.swift */; };
		CCFEE6F52196742B0076DFBD /* ViewController.swift in Sources */ = {isa = PBXBuildFile; fileRef = CCFEE6F42196742B0076DFBD /* ViewController.swift */; };
		CCFEE6F82196742B0076DFBD /* Main.storyboard in Resources */ = {isa = PBXBuildFile; fileRef = CCFEE6F62196742B0076DFBD /* Main.storyboard */; };
		CCFEE6FB2196742B0076DFBD /* Groceries.xcdatamodeld in Sources */ = {isa = PBXBuildFile; fileRef = CCFEE6F92196742B0076DFBD /* Groceries.xcdatamodeld */; };
		CCFEE6FD2196742C0076DFBD /* Assets.xcassets in Resources */ = {isa = PBXBuildFile; fileRef = CCFEE6FC2196742C0076DFBD /* Assets.xcassets */; };
		CCFEE7002196742C0076DFBD /* LaunchScreen.storyboard in Resources */ = {isa = PBXBuildFile; fileRef = CCFEE6FE2196742C0076DFBD /* LaunchScreen.storyboard */; };
		CCFEE70B2196742C0076DFBD /* GroceriesTests.swift in Sources */ = {isa = PBXBuildFile; fileRef = CCFEE70A2196742C0076DFBD /* GroceriesTests.swift */; };
		CCFEE7162196742C0076DFBD /* GroceriesUITests.swift in Sources */ = {isa = PBXBuildFile; fileRef = CCFEE7152196742C0076DFBD /* GroceriesUITests.swift */; };
		CCFEE724219675B20076DFBD /* Recipe.swift in Sources */ = {isa = PBXBuildFile; fileRef = CCFEE723219675B20076DFBD /* Recipe.swift */; };
/* End PBXBuildFile section */

/* Begin PBXContainerItemProxy section */
		CCFEE7072196742C0076DFBD /* PBXContainerItemProxy */ = {
			isa = PBXContainerItemProxy;
			containerPortal = CCFEE6E72196742B0076DFBD /* Project object */;
			proxyType = 1;
			remoteGlobalIDString = CCFEE6EE2196742B0076DFBD;
			remoteInfo = Groceries;
		};
		CCFEE7122196742C0076DFBD /* PBXContainerItemProxy */ = {
			isa = PBXContainerItemProxy;
			containerPortal = CCFEE6E72196742B0076DFBD /* Project object */;
			proxyType = 1;
			remoteGlobalIDString = CCFEE6EE2196742B0076DFBD;
			remoteInfo = Groceries;
		};
/* End PBXContainerItemProxy section */

/* Begin PBXFileReference section */
		CCAEB165219690F9007FDD7A /* File.swift */ = {isa = PBXFileReference; lastKnownFileType = sourcecode.swift; path = File.swift; sourceTree = "<group>"; };
		CCFEE6EF2196742B0076DFBD /* Groceries.app */ = {isa = PBXFileReference; explicitFileType = wrapper.application; includeInIndex = 0; path = Groceries.app; sourceTree = BUILT_PRODUCTS_DIR; };
		CCFEE6F22196742B0076DFBD /* AppDelegate.swift */ = {isa = PBXFileReference; lastKnownFileType = sourcecode.swift; path = AppDelegate.swift; sourceTree = "<group>"; };
		CCFEE6F42196742B0076DFBD /* ViewController.swift */ = {isa = PBXFileReference; lastKnownFileType = sourcecode.swift; path = ViewController.swift; sourceTree = "<group>"; };
		CCFEE6F72196742B0076DFBD /* Base */ = {isa = PBXFileReference; lastKnownFileType = file.storyboard; name = Base; path = Base.lproj/Main.storyboard; sourceTree = "<group>"; };
		CCFEE6FA2196742B0076DFBD /* Groceries.xcdatamodel */ = {isa = PBXFileReference; lastKnownFileType = wrapper.xcdatamodel; path = Groceries.xcdatamodel; sourceTree = "<group>"; };
		CCFEE6FC2196742C0076DFBD /* Assets.xcassets */ = {isa = PBXFileReference; lastKnownFileType = folder.assetcatalog; path = Assets.xcassets; sourceTree = "<group>"; };
		CCFEE6FF2196742C0076DFBD /* Base */ = {isa = PBXFileReference; lastKnownFileType = file.storyboard; name = Base; path = Base.lproj/LaunchScreen.storyboard; sourceTree = "<group>"; };
		CCFEE7012196742C0076DFBD /* Info.plist */ = {isa = PBXFileReference; lastKnownFileType = text.plist.xml; path = Info.plist; sourceTree = "<group>"; };
		CCFEE7062196742C0076DFBD /* GroceriesTests.xctest */ = {isa = PBXFileReference; explicitFileType = wrapper.cfbundle; includeInIndex = 0; path = GroceriesTests.xctest; sourceTree = BUILT_PRODUCTS_DIR; };
		CCFEE70A2196742C0076DFBD /* GroceriesTests.swift */ = {isa = PBXFileReference; lastKnownFileType = sourcecode.swift; path = GroceriesTests.swift; sourceTree = "<group>"; };
		CCFEE70C2196742C0076DFBD /* Info.plist */ = {isa = PBXFileReference; lastKnownFileType = text.plist.xml; path = Info.plist; sourceTree = "<group>"; };
		CCFEE7112196742C0076DFBD /* GroceriesUITests.xctest */ = {isa = PBXFileReference; explicitFileType = wrapper.cfbundle; includeInIndex = 0; path = GroceriesUITests.xctest; sourceTree = BUILT_PRODUCTS_DIR; };
		CCFEE7152196742C0076DFBD /* GroceriesUITests.swift */ = {isa = PBXFileReference; lastKnownFileType = sourcecode.swift; path = GroceriesUITests.swift; sourceTree = "<group>"; };
		CCFEE7172196742C0076DFBD /* Info.plist */ = {isa = PBXFileReference; lastKnownFileType = text.plist.xml; path = Info.plist; sourceTree = "<group>"; };
		CCFEE723219675B20076DFBD /* Recipe.swift */ = {isa = PBXFileReference; lastKnownFileType = sourcecode.swift; path = Recipe.swift; sourceTree = "<group>"; };
/* End PBXFileReference section */

/* Begin PBXFrameworksBuildPhase section */
		CCFEE6EC2196742B0076DFBD /* Frameworks */ = {
			isa = PBXFrameworksBuildPhase;
			buildActionMask = 2147483647;
			files = (
			);
			runOnlyForDeploymentPostprocessing = 0;
		};
		CCFEE7032196742C0076DFBD /* Frameworks */ = {
			isa = PBXFrameworksBuildPhase;
			buildActionMask = 2147483647;
			files = (
			);
			runOnlyForDeploymentPostprocessing = 0;
		};
		CCFEE70E2196742C0076DFBD /* Frameworks */ = {
			isa = PBXFrameworksBuildPhase;
			buildActionMask = 2147483647;
			files = (
			);
			runOnlyForDeploymentPostprocessing = 0;
		};
/* End PBXFrameworksBuildPhase section */

/* Begin PBXGroup section */
		CCFEE6E62196742B0076DFBD = {
			isa = PBXGroup;
			children = (
				CCFEE6F12196742B0076DFBD /* Groceries */,
				CCFEE7092196742C0076DFBD /* GroceriesTests */,
				CCFEE7142196742C0076DFBD /* GroceriesUITests */,
				CCFEE6F02196742B0076DFBD /* Products */,
			);
			sourceTree = "<group>";
		};
		CCFEE6F02196742B0076DFBD /* Products */ = {
			isa = PBXGroup;
			children = (
				CCFEE6EF2196742B0076DFBD /* Groceries.app */,
				CCFEE7062196742C0076DFBD /* GroceriesTests.xctest */,
				CCFEE7112196742C0076DFBD /* GroceriesUITests.xctest */,
			);
			name = Products;
			sourceTree = "<group>";
		};
		CCFEE6F12196742B0076DFBD /* Groceries */ = {
			isa = PBXGroup;
			children = (
				CCFEE6F22196742B0076DFBD /* AppDelegate.swift */,
				CCFEE6F42196742B0076DFBD /* ViewController.swift */,
				CCFEE6F62196742B0076DFBD /* Main.storyboard */,
				CCFEE723219675B20076DFBD /* Recipe.swift */,
				CCAEB165219690F9007FDD7A /* File.swift */,
				CCFEE6FC2196742C0076DFBD /* Assets.xcassets */,
				CCFEE6FE2196742C0076DFBD /* LaunchScreen.storyboard */,
				CCFEE7012196742C0076DFBD /* Info.plist */,
				CCFEE6F92196742B0076DFBD /* Groceries.xcdatamodeld */,
			);
			path = Groceries;
			sourceTree = "<group>";
		};
		CCFEE7092196742C0076DFBD /* GroceriesTests */ = {
			isa = PBXGroup;
			children = (
				CCFEE70A2196742C0076DFBD /* GroceriesTests.swift */,
				CCFEE70C2196742C0076DFBD /* Info.plist */,
			);
			path = GroceriesTests;
			sourceTree = "<group>";
		};
		CCFEE7142196742C0076DFBD /* GroceriesUITests */ = {
			isa = PBXGroup;
			children = (
				CCFEE7152196742C0076DFBD /* GroceriesUITests.swift */,
				CCFEE7172196742C0076DFBD /* Info.plist */,
			);
			path = GroceriesUITests;
			sourceTree = "<group>";
		};
/* End PBXGroup section */

/* Begin PBXNativeTarget section */
		CCFEE6EE2196742B0076DFBD /* Groceries */ = {
			isa = PBXNativeTarget;
			buildConfigurationList = CCFEE71A2196742C0076DFBD /* Build configuration list for PBXNativeTarget "Groceries" */;
			buildPhases = (
				CCFEE6EB2196742B0076DFBD /* Sources */,
				CCFEE6EC2196742B0076DFBD /* Frameworks */,
				CCFEE6ED2196742B0076DFBD /* Resources */,
			);
			buildRules = (
			);
			dependencies = (
			);
			name = Groceries;
			productName = Groceries;
			productReference = CCFEE6EF2196742B0076DFBD /* Groceries.app */;
			productType = "com.apple.product-type.application";
		};
		CCFEE7052196742C0076DFBD /* GroceriesTests */ = {
			isa = PBXNativeTarget;
			buildConfigurationList = CCFEE71D2196742C0076DFBD /* Build configuration list for PBXNativeTarget "GroceriesTests" */;
			buildPhases = (
				CCFEE7022196742C0076DFBD /* Sources */,
				CCFEE7032196742C0076DFBD /* Frameworks */,
				CCFEE7042196742C0076DFBD /* Resources */,
			);
			buildRules = (
			);
			dependencies = (
				CCFEE7082196742C0076DFBD /* PBXTargetDependency */,
			);
			name = GroceriesTests;
			productName = GroceriesTests;
			productReference = CCFEE7062196742C0076DFBD /* GroceriesTests.xctest */;
			productType = "com.apple.product-type.bundle.unit-test";
		};
		CCFEE7102196742C0076DFBD /* GroceriesUITests */ = {
			isa = PBXNativeTarget;
			buildConfigurationList = CCFEE7202196742C0076DFBD /* Build configuration list for PBXNativeTarget "GroceriesUITests" */;
			buildPhases = (
				CCFEE70D2196742C0076DFBD /* Sources */,
				CCFEE70E2196742C0076DFBD /* Frameworks */,
				CCFEE70F2196742C0076DFBD /* Resources */,
			);
			buildRules = (
			);
			dependencies = (
				CCFEE7132196742C0076DFBD /* PBXTargetDependency */,
			);
			name = GroceriesUITests;
			productName = GroceriesUITests;
			productReference = CCFEE7112196742C0076DFBD /* GroceriesUITests.xctest */;
			productType = "com.apple.product-type.bundle.ui-testing";
		};
/* End PBXNativeTarget section */

/* Begin PBXProject section */
		CCFEE6E72196742B0076DFBD /* Project object */ = {
			isa = PBXProject;
			attributes = {
				LastSwiftUpdateCheck = 1010;
				LastUpgradeCheck = 1010;
				ORGANIZATIONNAME = "Ethan Blank";
				TargetAttributes = {
					CCFEE6EE2196742B0076DFBD = {
						CreatedOnToolsVersion = 10.1;
					};
					CCFEE7052196742C0076DFBD = {
						CreatedOnToolsVersion = 10.1;
						TestTargetID = CCFEE6EE2196742B0076DFBD;
					};
					CCFEE7102196742C0076DFBD = {
						CreatedOnToolsVersion = 10.1;
						TestTargetID = CCFEE6EE2196742B0076DFBD;
					};
				};
			};
			buildConfigurationList = CCFEE6EA2196742B0076DFBD /* Build configuration list for PBXProject "Groceries" */;
			compatibilityVersion = "Xcode 9.3";
			developmentRegion = en;
			hasScannedForEncodings = 0;
			knownRegions = (
				en,
				Base,
			);
			mainGroup = CCFEE6E62196742B0076DFBD;
			productRefGroup = CCFEE6F02196742B0076DFBD /* Products */;
			projectDirPath = "";
			projectRoot = "";
			targets = (
				CCFEE6EE2196742B0076DFBD /* Groceries */,
				CCFEE7052196742C0076DFBD /* GroceriesTests */,
				CCFEE7102196742C0076DFBD /* GroceriesUITests */,
			);
		};
/* End PBXProject section */

/* Begin PBXResourcesBuildPhase section */
		CCFEE6ED2196742B0076DFBD /* Resources */ = {
			isa = PBXResourcesBuildPhase;
			buildActionMask = 2147483647;
			files = (
				CCFEE7002196742C0076DFBD /* LaunchScreen.storyboard in Resources */,
				CCFEE6FD2196742C0076DFBD /* Assets.xcassets in Resources */,
				CCFEE6F82196742B0076DFBD /* Main.storyboard in Resources */,
			);
			runOnlyForDeploymentPostprocessing = 0;
		};
		CCFEE7042196742C0076DFBD /* Resources */ = {
			isa = PBXResourcesBuildPhase;
			buildActionMask = 2147483647;
			files = (
			);
			runOnlyForDeploymentPostprocessing = 0;
		};
		CCFEE70F2196742C0076DFBD /* Resources */ = {
			isa = PBXResourcesBuildPhase;
			buildActionMask = 2147483647;
			files = (
			);
			runOnlyForDeploymentPostprocessing = 0;
		};
/* End PBXResourcesBuildPhase section */

/* Begin PBXSourcesBuildPhase section */
		CCFEE6EB2196742B0076DFBD /* Sources */ = {
			isa = PBXSourcesBuildPhase;
			buildActionMask = 2147483647;
			files = (
				CCAEB166219690F9007FDD7A /* File.swift in Sources */,
				CCFEE6FB2196742B0076DFBD /* Groceries.xcdatamodeld in Sources */,
				CCFEE724219675B20076DFBD /* Recipe.swift in Sources */,
				CCFEE6F52196742B0076DFBD /* ViewController.swift in Sources */,
				CCFEE6F32196742B0076DFBD /* AppDelegate.swift in Sources */,
			);
			runOnlyForDeploymentPostprocessing = 0;
		};
		CCFEE7022196742C0076DFBD /* Sources */ = {
			isa = PBXSourcesBuildPhase;
			buildActionMask = 2147483647;
			files = (
				CCFEE70B2196742C0076DFBD /* GroceriesTests.swift in Sources */,
			);
			runOnlyForDeploymentPostprocessing = 0;
		};
		CCFEE70D2196742C0076DFBD /* Sources */ = {
			isa = PBXSourcesBuildPhase;
			buildActionMask = 2147483647;
			files = (
				CCFEE7162196742C0076DFBD /* GroceriesUITests.swift in Sources */,
			);
			runOnlyForDeploymentPostprocessing = 0;
		};
/* End PBXSourcesBuildPhase section */

/* Begin PBXTargetDependency section */
		CCFEE7082196742C0076DFBD /* PBXTargetDependency */ = {
			isa = PBXTargetDependency;
			target = CCFEE6EE2196742B0076DFBD /* Groceries */;
			targetProxy = CCFEE7072196742C0076DFBD /* PBXContainerItemProxy */;
		};
		CCFEE7132196742C0076DFBD /* PBXTargetDependency */ = {
			isa = PBXTargetDependency;
			target = CCFEE6EE2196742B0076DFBD /* Groceries */;
			targetProxy = CCFEE7122196742C0076DFBD /* PBXContainerItemProxy */;
		};
/* End PBXTargetDependency section */

/* Begin PBXVariantGroup section */
		CCFEE6F62196742B0076DFBD /* Main.storyboard */ = {
			isa = PBXVariantGroup;
			children = (
				CCFEE6F72196742B0076DFBD /* Base */,
			);
			name = Main.storyboard;
			sourceTree = "<group>";
		};
		CCFEE6FE2196742C0076DFBD /* LaunchScreen.storyboard */ = {
			isa = PBXVariantGroup;
			children = (
				CCFEE6FF2196742C0076DFBD /* Base */,
			);
			name = LaunchScreen.storyboard;
			sourceTree = "<group>";
		};
/* End PBXVariantGroup section */

/* Begin XCBuildConfiguration section */
		CCFEE7182196742C0076DFBD /* Debug */ = {
			isa = XCBuildConfiguration;
			buildSettings = {
				ALWAYS_SEARCH_USER_PATHS = NO;
				CLANG_ANALYZER_NONNULL = YES;
				CLANG_ANALYZER_NUMBER_OBJECT_CONVERSION = YES_AGGRESSIVE;
				CLANG_CXX_LANGUAGE_STANDARD = "gnu++14";
				CLANG_CXX_LIBRARY = "libc++";
				CLANG_ENABLE_MODULES = YES;
				CLANG_ENABLE_OBJC_ARC = YES;
				CLANG_ENABLE_OBJC_WEAK = YES;
				CLANG_WARN_BLOCK_CAPTURE_AUTORELEASING = YES;
				CLANG_WARN_BOOL_CONVERSION = YES;
				CLANG_WARN_COMMA = YES;
				CLANG_WARN_CONSTANT_CONVERSION = YES;
				CLANG_WARN_DEPRECATED_OBJC_IMPLEMENTATIONS = YES;
				CLANG_WARN_DIRECT_OBJC_ISA_USAGE = YES_ERROR;
				CLANG_WARN_DOCUMENTATION_COMMENTS = YES;
				CLANG_WARN_EMPTY_BODY = YES;
				CLANG_WARN_ENUM_CONVERSION = YES;
				CLANG_WARN_INFINITE_RECURSION = YES;
				CLANG_WARN_INT_CONVERSION = YES;
				CLANG_WARN_NON_LITERAL_NULL_CONVERSION = YES;
				CLANG_WARN_OBJC_IMPLICIT_RETAIN_SELF = YES;
				CLANG_WARN_OBJC_LITERAL_CONVERSION = YES;
				CLANG_WARN_OBJC_ROOT_CLASS = YES_ERROR;
				CLANG_WARN_RANGE_LOOP_ANALYSIS = YES;
				CLANG_WARN_STRICT_PROTOTYPES = YES;
				CLANG_WARN_SUSPICIOUS_MOVE = YES;
				CLANG_WARN_UNGUARDED_AVAILABILITY = YES_AGGRESSIVE;
				CLANG_WARN_UNREACHABLE_CODE = YES;
				CLANG_WARN__DUPLICATE_METHOD_MATCH = YES;
				CODE_SIGN_IDENTITY = "iPhone Developer";
				COPY_PHASE_STRIP = NO;
				DEBUG_INFORMATION_FORMAT = dwarf;
				ENABLE_STRICT_OBJC_MSGSEND = YES;
				ENABLE_TESTABILITY = YES;
				GCC_C_LANGUAGE_STANDARD = gnu11;
				GCC_DYNAMIC_NO_PIC = NO;
				GCC_NO_COMMON_BLOCKS = YES;
				GCC_OPTIMIZATION_LEVEL = 0;
				GCC_PREPROCESSOR_DEFINITIONS = (
					"DEBUG=1",
					"$(inherited)",
				);
				GCC_WARN_64_TO_32_BIT_CONVERSION = YES;
				GCC_WARN_ABOUT_RETURN_TYPE = YES_ERROR;
				GCC_WARN_UNDECLARED_SELECTOR = YES;
				GCC_WARN_UNINITIALIZED_AUTOS = YES_AGGRESSIVE;
				GCC_WARN_UNUSED_FUNCTION = YES;
				GCC_WARN_UNUSED_VARIABLE = YES;
				IPHONEOS_DEPLOYMENT_TARGET = 12.1;
				MTL_ENABLE_DEBUG_INFO = INCLUDE_SOURCE;
				MTL_FAST_MATH = YES;
				ONLY_ACTIVE_ARCH = YES;
				SDKROOT = iphoneos;
				SWIFT_ACTIVE_COMPILATION_CONDITIONS = DEBUG;
				SWIFT_OPTIMIZATION_LEVEL = "-Onone";
			};
			name = Debug;
		};
		CCFEE7192196742C0076DFBD /* Release */ = {
			isa = XCBuildConfiguration;
			buildSettings = {
				ALWAYS_SEARCH_USER_PATHS = NO;
				CLANG_ANALYZER_NONNULL = YES;
				CLANG_ANALYZER_NUMBER_OBJECT_CONVERSION = YES_AGGRESSIVE;
				CLANG_CXX_LANGUAGE_STANDARD = "gnu++14";
				CLANG_CXX_LIBRARY = "libc++";
				CLANG_ENABLE_MODULES = YES;
				CLANG_ENABLE_OBJC_ARC = YES;
				CLANG_ENABLE_OBJC_WEAK = YES;
				CLANG_WARN_BLOCK_CAPTURE_AUTORELEASING = YES;
				CLANG_WARN_BOOL_CONVERSION = YES;
				CLANG_WARN_COMMA = YES;
				CLANG_WARN_CONSTANT_CONVERSION = YES;
				CLANG_WARN_DEPRECATED_OBJC_IMPLEMENTATIONS = YES;
				CLANG_WARN_DIRECT_OBJC_ISA_USAGE = YES_ERROR;
				CLANG_WARN_DOCUMENTATION_COMMENTS = YES;
				CLANG_WARN_EMPTY_BODY = YES;
				CLANG_WARN_ENUM_CONVERSION = YES;
				CLANG_WARN_INFINITE_RECURSION = YES;
				CLANG_WARN_INT_CONVERSION = YES;
				CLANG_WARN_NON_LITERAL_NULL_CONVERSION = YES;
				CLANG_WARN_OBJC_IMPLICIT_RETAIN_SELF = YES;
				CLANG_WARN_OBJC_LITERAL_CONVERSION = YES;
				CLANG_WARN_OBJC_ROOT_CLASS = YES_ERROR;
				CLANG_WARN_RANGE_LOOP_ANALYSIS = YES;
				CLANG_WARN_STRICT_PROTOTYPES = YES;
				CLANG_WARN_SUSPICIOUS_MOVE = YES;
				CLANG_WARN_UNGUARDED_AVAILABILITY = YES_AGGRESSIVE;
				CLANG_WARN_UNREACHABLE_CODE = YES;
				CLANG_WARN__DUPLICATE_METHOD_MATCH = YES;
				CODE_SIGN_IDENTITY = "iPhone Developer";
				COPY_PHASE_STRIP = NO;
				DEBUG_INFORMATION_FORMAT = "dwarf-with-dsym";
				ENABLE_NS_ASSERTIONS = NO;
				ENABLE_STRICT_OBJC_MSGSEND = YES;
				GCC_C_LANGUAGE_STANDARD = gnu11;
				GCC_NO_COMMON_BLOCKS = YES;
				GCC_WARN_64_TO_32_BIT_CONVERSION = YES;
				GCC_WARN_ABOUT_RETURN_TYPE = YES_ERROR;
				GCC_WARN_UNDECLARED_SELECTOR = YES;
				GCC_WARN_UNINITIALIZED_AUTOS = YES_AGGRESSIVE;
				GCC_WARN_UNUSED_FUNCTION = YES;
				GCC_WARN_UNUSED_VARIABLE = YES;
				IPHONEOS_DEPLOYMENT_TARGET = 12.1;
				MTL_ENABLE_DEBUG_INFO = NO;
				MTL_FAST_MATH = YES;
				SDKROOT = iphoneos;
				SWIFT_COMPILATION_MODE = wholemodule;
				SWIFT_OPTIMIZATION_LEVEL = "-O";
				VALIDATE_PRODUCT = YES;
			};
			name = Release;
		};
		CCFEE71B2196742C0076DFBD /* Debug */ = {
			isa = XCBuildConfiguration;
			buildSettings = {
				ASSETCATALOG_COMPILER_APPICON_NAME = AppIcon;
				CODE_SIGN_STYLE = Automatic;
				INFOPLIST_FILE = Groceries/Info.plist;
				LD_RUNPATH_SEARCH_PATHS = (
					"$(inherited)",
					"@executable_path/Frameworks",
				);
				PRODUCT_BUNDLE_IDENTIFIER = com.ethanblank.Groceries;
				PRODUCT_NAME = "$(TARGET_NAME)";
				SWIFT_VERSION = 4.2;
				TARGETED_DEVICE_FAMILY = "1,2";
			};
			name = Debug;
		};
		CCFEE71C2196742C0076DFBD /* Release */ = {
			isa = XCBuildConfiguration;
			buildSettings = {
				ASSETCATALOG_COMPILER_APPICON_NAME = AppIcon;
				CODE_SIGN_STYLE = Automatic;
				INFOPLIST_FILE = Groceries/Info.plist;
				LD_RUNPATH_SEARCH_PATHS = (
					"$(inherited)",
					"@executable_path/Frameworks",
				);
				PRODUCT_BUNDLE_IDENTIFIER = com.ethanblank.Groceries;
				PRODUCT_NAME = "$(TARGET_NAME)";
				SWIFT_VERSION = 4.2;
				TARGETED_DEVICE_FAMILY = "1,2";
			};
			name = Release;
		};
		CCFEE71E2196742C0076DFBD /* Debug */ = {
			isa = XCBuildConfiguration;
			buildSettings = {
				ALWAYS_EMBED_SWIFT_STANDARD_LIBRARIES = YES;
				BUNDLE_LOADER = "$(TEST_HOST)";
				CODE_SIGN_STYLE = Automatic;
				INFOPLIST_FILE = GroceriesTests/Info.plist;
				LD_RUNPATH_SEARCH_PATHS = (
					"$(inherited)",
					"@executable_path/Frameworks",
					"@loader_path/Frameworks",
				);
				PRODUCT_BUNDLE_IDENTIFIER = com.ethanblank.GroceriesTests;
				PRODUCT_NAME = "$(TARGET_NAME)";
				SWIFT_VERSION = 4.2;
				TARGETED_DEVICE_FAMILY = "1,2";
				TEST_HOST = "$(BUILT_PRODUCTS_DIR)/Groceries.app/Groceries";
			};
			name = Debug;
		};
		CCFEE71F2196742C0076DFBD /* Release */ = {
			isa = XCBuildConfiguration;
			buildSettings = {
				ALWAYS_EMBED_SWIFT_STANDARD_LIBRARIES = YES;
				BUNDLE_LOADER = "$(TEST_HOST)";
				CODE_SIGN_STYLE = Automatic;
				INFOPLIST_FILE = GroceriesTests/Info.plist;
				LD_RUNPATH_SEARCH_PATHS = (
					"$(inherited)",
					"@executable_path/Frameworks",
					"@loader_path/Frameworks",
				);
				PRODUCT_BUNDLE_IDENTIFIER = com.ethanblank.GroceriesTests;
				PRODUCT_NAME = "$(TARGET_NAME)";
				SWIFT_VERSION = 4.2;
				TARGETED_DEVICE_FAMILY = "1,2";
				TEST_HOST = "$(BUILT_PRODUCTS_DIR)/Groceries.app/Groceries";
			};
			name = Release;
		};
		CCFEE7212196742C0076DFBD /* Debug */ = {
			isa = XCBuildConfiguration;
			buildSettings = {
				ALWAYS_EMBED_SWIFT_STANDARD_LIBRARIES = YES;
				CODE_SIGN_STYLE = Automatic;
				INFOPLIST_FILE = GroceriesUITests/Info.plist;
				LD_RUNPATH_SEARCH_PATHS = (
					"$(inherited)",
					"@executable_path/Frameworks",
					"@loader_path/Frameworks",
				);
				PRODUCT_BUNDLE_IDENTIFIER = com.ethanblank.GroceriesUITests;
				PRODUCT_NAME = "$(TARGET_NAME)";
				SWIFT_VERSION = 4.2;
				TARGETED_DEVICE_FAMILY = "1,2";
				TEST_TARGET_NAME = Groceries;
			};
			name = Debug;
		};
		CCFEE7222196742C0076DFBD /* Release */ = {
			isa = XCBuildConfiguration;
			buildSettings = {
				ALWAYS_EMBED_SWIFT_STANDARD_LIBRARIES = YES;
				CODE_SIGN_STYLE = Automatic;
				INFOPLIST_FILE = GroceriesUITests/Info.plist;
				LD_RUNPATH_SEARCH_PATHS = (
					"$(inherited)",
					"@executable_path/Frameworks",
					"@loader_path/Frameworks",
				);
				PRODUCT_BUNDLE_IDENTIFIER = com.ethanblank.GroceriesUITests;
				PRODUCT_NAME = "$(TARGET_NAME)";
				SWIFT_VERSION = 4.2;
				TARGETED_DEVICE_FAMILY = "1,2";
				TEST_TARGET_NAME = Groceries;
			};
			name = Release;
		};
/* End XCBuildConfiguration section */

/* Begin XCConfigurationList section */
		CCFEE6EA2196742B0076DFBD /* Build configuration list for PBXProject "Groceries" */ = {
			isa = XCConfigurationList;
			buildConfigurations = (
				CCFEE7182196742C0076DFBD /* Debug */,
				CCFEE7192196742C0076DFBD /* Release */,
			);
			defaultConfigurationIsVisible = 0;
			defaultConfigurationName = Release;
		};
		CCFEE71A2196742C0076DFBD /* Build configuration list for PBXNativeTarget "Groceries" */ = {
			isa = XCConfigurationList;
			buildConfigurations = (
				CCFEE71B2196742C0076DFBD /* Debug */,
				CCFEE71C2196742C0076DFBD /* Release */,
			);
			defaultConfigurationIsVisible = 0;
			defaultConfigurationName = Release;
		};
		CCFEE71D2196742C0076DFBD /* Build configuration list for PBXNativeTarget "GroceriesTests" */ = {
			isa = XCConfigurationList;
			buildConfigurations = (
				CCFEE71E2196742C0076DFBD /* Debug */,
				CCFEE71F2196742C0076DFBD /* Release */,
			);
			defaultConfigurationIsVisible = 0;
			defaultConfigurationName = Release;
		};
		CCFEE7202196742C0076DFBD /* Build configuration list for PBXNativeTarget "GroceriesUITests" */ = {
			isa = XCConfigurationList;
			buildConfigurations = (
				CCFEE7212196742C0076DFBD /* Debug */,
				CCFEE7222196742C0076DFBD /* Release */,
			);
			defaultConfigurationIsVisible = 0;
			defaultConfigurationName = Release;
		};
/* End XCConfigurationList section */

/* Begin XCVersionGroup section */
		CCFEE6F92196742B0076DFBD /* Groceries.xcdatamodeld */ = {
			isa = XCVersionGroup;
			children = (
				CCFEE6FA2196742B0076DFBD /* Groceries.xcdatamodel */,
			);
			currentVersion = CCFEE6FA2196742B0076DFBD /* Groceries.xcdatamodel */;
			path = Groceries.xcdatamodeld;
			sourceTree = "<group>";
			versionGroupType = wrapper.xcdatamodel;
		};
/* End XCVersionGroup section */
	};
	rootObject = CCFEE6E72196742B0076DFBD /* Project object */;
}
